
Microsoft Visual Studio Solution File, Format Version 12.00
# Visual Studio 15
VisualStudioVersion = 15.0.27130.2024
MinimumVisualStudioVersion = 10.0.40219.1
Project("{FAE04EC0-301F-11D3-BF4B-00C04F79EFBC}") = "MassiveEditor", "MassiveEditor\MassiveEditor.csproj", "{69EB112F-7400-4922-AA64-7DD230FBEF17}"
	ProjectSection(ProjectDependencies) = postProject
		{81395F7C-9BEC-4A66-BA15-55BC628A0A82} = {81395F7C-9BEC-4A66-BA15-55BC628A0A82}
		{F997DFC2-B75C-4871-BEDA-CD4711066019} = {F997DFC2-B75C-4871-BEDA-CD4711066019}
	EndProjectSection
EndProject
Project("{FAE04EC0-301F-11D3-BF4B-00C04F79EFBC}") = "MassiveServer", "MassiveServer\MassiveServer.csproj", "{59AE67D1-4585-472C-8F53-35E2B9114AD7}"
	ProjectSection(ProjectDependencies) = postProject
		{81395F7C-9BEC-4A66-BA15-55BC628A0A82} = {81395F7C-9BEC-4A66-BA15-55BC628A0A82}
	EndProjectSection
EndProject
Project("{FAE04EC0-301F-11D3-BF4B-00C04F79EFBC}") = "MassiveNetwork", "MassiveNetwork\MassiveNetwork.csproj", "{81395F7C-9BEC-4A66-BA15-55BC628A0A82}"
EndProject
Project("{FAE04EC0-301F-11D3-BF4B-00C04F79EFBC}") = "ModelViewer", "ModelViewer\ModelViewer.csproj", "{1CB503D1-957A-4C57-88CA-C5049E9B2E96}"
EndProject
Project("{FAE04EC0-301F-11D3-BF4B-00C04F79EFBC}") = "MassiveTest2", "MassiveTest2\MassiveTest2.csproj", "{960DA4CF-E71C-4F3B-8A71-17D7DAEFCF1A}"
EndProject
Project("{FAE04EC0-301F-11D3-BF4B-00C04F79EFBC}") = "Massive2", "Massive2\Massive2.csproj", "{F997DFC2-B75C-4871-BEDA-CD4711066019}"
EndProject
Project("{FAE04EC0-301F-11D3-BF4B-00C04F79EFBC}") = "MassiveEngine2", "MassiveEngine2\MassiveEngine2.csproj", "{B0EA84F1-2759-4F4E-928B-48248A04C8D7}"
	ProjectSection(ProjectDependencies) = postProject
		{81395F7C-9BEC-4A66-BA15-55BC628A0A82} = {81395F7C-9BEC-4A66-BA15-55BC628A0A82}
		{F997DFC2-B75C-4871-BEDA-CD4711066019} = {F997DFC2-B75C-4871-BEDA-CD4711066019}
	EndProjectSection
EndProject
Project("{2150E333-8FDC-42A3-9474-1A3956D46DE8}") = "Solution Items", "Solution Items", "{F9E48AA7-04C2-4F79-91BB-7A814A218B02}"
	ProjectSection(SolutionItems) = preProject
		MassiveServer\bin\Debug\data\1234.json = MassiveServer\bin\Debug\data\1234.json
		MassiveServer\bin\Debug\data\CnXizbR4U0GkUeugc45s7w.json = MassiveServer\bin\Debug\data\CnXizbR4U0GkUeugc45s7w.json
		DBSetup.sql = DBSetup.sql
		DevNotes_Ideas.txt = DevNotes_Ideas.txt
		License.txt = License.txt
		doc_dont_delete\mydata.json = doc_dont_delete\mydata.json
		README.html = README.html
		README.md = README.md
		MassiveServer\bin\Debug\data\universe_0_0_0.csv = MassiveServer\bin\Debug\data\universe_0_0_0.csv
		MassiveServer\bin\Debug\data\zones.csv = MassiveServer\bin\Debug\data\zones.csv
	EndProjectSection
EndProject
Project("{FAE04EC0-301F-11D3-BF4B-00C04F79EFBC}") = "MassiveGenerator", "MassiveGenerator\MassiveGenerator.csproj", "{506B4496-0FC6-471C-8E7A-20467C120D49}"
EndProject
Project("{FAE04EC0-301F-11D3-BF4B-00C04F79EFBC}") = "autoversion", "autoversion\autoversion.csproj", "{DD0B1621-4E5E-45F5-B57B-D339ABB78704}"
EndProject
Project("{FAE04EC0-301F-11D3-BF4B-00C04F79EFBC}") = "MassivePlanet", "MassivePlanet\MassivePlanet.csproj", "{C73D2A96-80E6-41AB-BA09-1DDEC443C386}"
EndProject
Project("{FAE04EC0-301F-11D3-BF4B-00C04F79EFBC}") = "ModelViewer2", "ModelViewer2\ModelViewer2.csproj", "{34B06FC4-6CC5-48F5-A2B2-9ABA003B8AA6}"
EndProject
Project("{FAE04EC0-301F-11D3-BF4B-00C04F79EFBC}") = "OpenWorldMinimum", "OpenWorldMinimum\OpenWorldMinimum.csproj", "{684D820E-147F-4882-95AC-18AE619F2F47}"
EndProject
Project("{FAE04EC0-301F-11D3-BF4B-00C04F79EFBC}") = "OpenWorld", "OpenWorld\OpenWorld.csproj", "{1DC73A3F-0F0D-4A7A-946F-EEAFFF02BCE0}"
EndProject
Project("{FAE04EC0-301F-11D3-BF4B-00C04F79EFBC}") = "ShaderPlay", "ShaderPlay\ShaderPlay.csproj", "{463B05F6-D7EA-4852-AFAF-18D97AE3FB28}"
EndProject
Project("{8BC9CEB8-8B4A-11D0-8D11-00A0C91BC942}") = "Massive3", "Massive3\Massive3.vcxproj", "{CF148033-AF78-4108-9E11-6B63D68AD49F}"
EndProject
Project("{E24C65DC-7377-472B-9ABA-BC803B73C61A}") = "OpenWorldWeb", "OpenWorldWeb\", "{19CC0C77-1493-4A6B-98EF-45A758C1A321}"
	ProjectSection(WebsiteProperties) = preProject
		TargetFrameworkMoniker = ".NETFramework,Version%3Dv4.6.1"
		Debug.AspNetCompiler.VirtualPath = "/localhost_64313"
		Debug.AspNetCompiler.PhysicalPath = "OpenWorldWeb\"
		Debug.AspNetCompiler.TargetPath = "PrecompiledWeb\localhost_64313\"
		Debug.AspNetCompiler.Updateable = "true"
		Debug.AspNetCompiler.ForceOverwrite = "true"
		Debug.AspNetCompiler.FixedNames = "false"
		Debug.AspNetCompiler.Debug = "True"
		Release.AspNetCompiler.VirtualPath = "/localhost_64313"
		Release.AspNetCompiler.PhysicalPath = "OpenWorldWeb\"
		Release.AspNetCompiler.TargetPath = "PrecompiledWeb\localhost_64313\"
		Release.AspNetCompiler.Updateable = "true"
		Release.AspNetCompiler.ForceOverwrite = "true"
		Release.AspNetCompiler.FixedNames = "false"
		Release.AspNetCompiler.Debug = "False"
		VWDPort = "64313"
		SlnRelativePath = "OpenWorldWeb\"
		DefaultWebSiteLanguage = "Visual C#"
	EndProjectSection
EndProject
Global
	GlobalSection(SolutionConfigurationPlatforms) = preSolution
		Debug|Any CPU = Debug|Any CPU
		Debug|x64 = Debug|x64
		Debug|x86 = Debug|x86
		debug64|Any CPU = debug64|Any CPU
		debug64|x64 = debug64|x64
		debug64|x86 = debug64|x86
		Release|Any CPU = Release|Any CPU
		Release|x64 = Release|x64
		Release|x86 = Release|x86
		Release32|Any CPU = Release32|Any CPU
		Release32|x64 = Release32|x64
		Release32|x86 = Release32|x86
	EndGlobalSection
	GlobalSection(ProjectConfigurationPlatforms) = postSolution
		{69EB112F-7400-4922-AA64-7DD230FBEF17}.Debug|Any CPU.ActiveCfg = Debug|Any CPU
		{69EB112F-7400-4922-AA64-7DD230FBEF17}.Debug|Any CPU.Build.0 = Debug|Any CPU
		{69EB112F-7400-4922-AA64-7DD230FBEF17}.Debug|x64.ActiveCfg = Debug|x86
		{69EB112F-7400-4922-AA64-7DD230FBEF17}.Debug|x64.Build.0 = Debug|x86
		{69EB112F-7400-4922-AA64-7DD230FBEF17}.Debug|x86.ActiveCfg = Debug|x86
		{69EB112F-7400-4922-AA64-7DD230FBEF17}.Debug|x86.Build.0 = Debug|x86
		{69EB112F-7400-4922-AA64-7DD230FBEF17}.debug64|Any CPU.ActiveCfg = debug64|Any CPU
		{69EB112F-7400-4922-AA64-7DD230FBEF17}.debug64|Any CPU.Build.0 = debug64|Any CPU
		{69EB112F-7400-4922-AA64-7DD230FBEF17}.debug64|x64.ActiveCfg = debug64|Any CPU
		{69EB112F-7400-4922-AA64-7DD230FBEF17}.debug64|x64.Build.0 = debug64|Any CPU
		{69EB112F-7400-4922-AA64-7DD230FBEF17}.debug64|x86.ActiveCfg = debug64|x86
		{69EB112F-7400-4922-AA64-7DD230FBEF17}.debug64|x86.Build.0 = debug64|x86
		{69EB112F-7400-4922-AA64-7DD230FBEF17}.Release|Any CPU.ActiveCfg = Release|Any CPU
		{69EB112F-7400-4922-AA64-7DD230FBEF17}.Release|Any CPU.Build.0 = Release|Any CPU
		{69EB112F-7400-4922-AA64-7DD230FBEF17}.Release|x64.ActiveCfg = Release|Any CPU
		{69EB112F-7400-4922-AA64-7DD230FBEF17}.Release|x64.Build.0 = Release|Any CPU
		{69EB112F-7400-4922-AA64-7DD230FBEF17}.Release|x86.ActiveCfg = Release|x86
		{69EB112F-7400-4922-AA64-7DD230FBEF17}.Release|x86.Build.0 = Release|x86
		{69EB112F-7400-4922-AA64-7DD230FBEF17}.Release32|Any CPU.ActiveCfg = Release32|Any CPU
		{69EB112F-7400-4922-AA64-7DD230FBEF17}.Release32|Any CPU.Build.0 = Release32|Any CPU
		{69EB112F-7400-4922-AA64-7DD230FBEF17}.Release32|x64.ActiveCfg = Release32|Any CPU
		{69EB112F-7400-4922-AA64-7DD230FBEF17}.Release32|x64.Build.0 = Release32|Any CPU
		{69EB112F-7400-4922-AA64-7DD230FBEF17}.Release32|x86.ActiveCfg = Release32|x86
		{69EB112F-7400-4922-AA64-7DD230FBEF17}.Release32|x86.Build.0 = Release32|x86
		{59AE67D1-4585-472C-8F53-35E2B9114AD7}.Debug|Any CPU.ActiveCfg = Debug|Any CPU
		{59AE67D1-4585-472C-8F53-35E2B9114AD7}.Debug|Any CPU.Build.0 = Debug|Any CPU
		{59AE67D1-4585-472C-8F53-35E2B9114AD7}.Debug|x64.ActiveCfg = Debug|Any CPU
		{59AE67D1-4585-472C-8F53-35E2B9114AD7}.Debug|x64.Build.0 = Debug|Any CPU
		{59AE67D1-4585-472C-8F53-35E2B9114AD7}.Debug|x86.ActiveCfg = Debug|x86
		{59AE67D1-4585-472C-8F53-35E2B9114AD7}.Debug|x86.Build.0 = Debug|x86
		{59AE67D1-4585-472C-8F53-35E2B9114AD7}.debug64|Any CPU.ActiveCfg = debug64|Any CPU
		{59AE67D1-4585-472C-8F53-35E2B9114AD7}.debug64|Any CPU.Build.0 = debug64|Any CPU
		{59AE67D1-4585-472C-8F53-35E2B9114AD7}.debug64|x64.ActiveCfg = debug64|x64
		{59AE67D1-4585-472C-8F53-35E2B9114AD7}.debug64|x64.Build.0 = debug64|x64
		{59AE67D1-4585-472C-8F53-35E2B9114AD7}.debug64|x86.ActiveCfg = debug64|x86
		{59AE67D1-4585-472C-8F53-35E2B9114AD7}.debug64|x86.Build.0 = debug64|x86
		{59AE67D1-4585-472C-8F53-35E2B9114AD7}.Release|Any CPU.ActiveCfg = Release|Any CPU
		{59AE67D1-4585-472C-8F53-35E2B9114AD7}.Release|Any CPU.Build.0 = Release|Any CPU
		{59AE67D1-4585-472C-8F53-35E2B9114AD7}.Release|x64.ActiveCfg = Release|Any CPU
		{59AE67D1-4585-472C-8F53-35E2B9114AD7}.Release|x64.Build.0 = Release|Any CPU
		{59AE67D1-4585-472C-8F53-35E2B9114AD7}.Release|x86.ActiveCfg = Release|x86
		{59AE67D1-4585-472C-8F53-35E2B9114AD7}.Release|x86.Build.0 = Release|x86
		{59AE67D1-4585-472C-8F53-35E2B9114AD7}.Release32|Any CPU.ActiveCfg = Release32|Any CPU
		{59AE67D1-4585-472C-8F53-35E2B9114AD7}.Release32|Any CPU.Build.0 = Release32|Any CPU
		{59AE67D1-4585-472C-8F53-35E2B9114AD7}.Release32|x64.ActiveCfg = Release32|Any CPU
		{59AE67D1-4585-472C-8F53-35E2B9114AD7}.Release32|x64.Build.0 = Release32|Any CPU
		{59AE67D1-4585-472C-8F53-35E2B9114AD7}.Release32|x86.ActiveCfg = Release32|x86
		{59AE67D1-4585-472C-8F53-35E2B9114AD7}.Release32|x86.Build.0 = Release32|x86
		{81395F7C-9BEC-4A66-BA15-55BC628A0A82}.Debug|Any CPU.ActiveCfg = Debug|Any CPU
		{81395F7C-9BEC-4A66-BA15-55BC628A0A82}.Debug|Any CPU.Build.0 = Debug|Any CPU
		{81395F7C-9BEC-4A66-BA15-55BC628A0A82}.Debug|x64.ActiveCfg = Debug|Any CPU
		{81395F7C-9BEC-4A66-BA15-55BC628A0A82}.Debug|x64.Build.0 = Debug|Any CPU
		{81395F7C-9BEC-4A66-BA15-55BC628A0A82}.Debug|x86.ActiveCfg = Debug|x86
		{81395F7C-9BEC-4A66-BA15-55BC628A0A82}.Debug|x86.Build.0 = Debug|x86
		{81395F7C-9BEC-4A66-BA15-55BC628A0A82}.debug64|Any CPU.ActiveCfg = debug64|Any CPU
		{81395F7C-9BEC-4A66-BA15-55BC628A0A82}.debug64|Any CPU.Build.0 = debug64|Any CPU
		{81395F7C-9BEC-4A66-BA15-55BC628A0A82}.debug64|x64.ActiveCfg = debug64|x64
		{81395F7C-9BEC-4A66-BA15-55BC628A0A82}.debug64|x64.Build.0 = debug64|x64
		{81395F7C-9BEC-4A66-BA15-55BC628A0A82}.debug64|x86.ActiveCfg = debug64|x86
		{81395F7C-9BEC-4A66-BA15-55BC628A0A82}.debug64|x86.Build.0 = debug64|x86
		{81395F7C-9BEC-4A66-BA15-55BC628A0A82}.Release|Any CPU.ActiveCfg = Release|Any CPU
		{81395F7C-9BEC-4A66-BA15-55BC628A0A82}.Release|Any CPU.Build.0 = Release|Any CPU
		{81395F7C-9BEC-4A66-BA15-55BC628A0A82}.Release|x64.ActiveCfg = Release|Any CPU
		{81395F7C-9BEC-4A66-BA15-55BC628A0A82}.Release|x64.Build.0 = Release|Any CPU
		{81395F7C-9BEC-4A66-BA15-55BC628A0A82}.Release|x86.ActiveCfg = Release|x86
		{81395F7C-9BEC-4A66-BA15-55BC628A0A82}.Release|x86.Build.0 = Release|x86
		{81395F7C-9BEC-4A66-BA15-55BC628A0A82}.Release32|Any CPU.ActiveCfg = Release32|Any CPU
		{81395F7C-9BEC-4A66-BA15-55BC628A0A82}.Release32|Any CPU.Build.0 = Release32|Any CPU
		{81395F7C-9BEC-4A66-BA15-55BC628A0A82}.Release32|x64.ActiveCfg = Release32|Any CPU
		{81395F7C-9BEC-4A66-BA15-55BC628A0A82}.Release32|x64.Build.0 = Release32|Any CPU
		{81395F7C-9BEC-4A66-BA15-55BC628A0A82}.Release32|x86.ActiveCfg = Release32|x86
		{81395F7C-9BEC-4A66-BA15-55BC628A0A82}.Release32|x86.Build.0 = Release32|x86
		{1CB503D1-957A-4C57-88CA-C5049E9B2E96}.Debug|Any CPU.ActiveCfg = Debug|Any CPU
		{1CB503D1-957A-4C57-88CA-C5049E9B2E96}.Debug|Any CPU.Build.0 = Debug|Any CPU
		{1CB503D1-957A-4C57-88CA-C5049E9B2E96}.Debug|x64.ActiveCfg = Debug|Any CPU
		{1CB503D1-957A-4C57-88CA-C5049E9B2E96}.Debug|x64.Build.0 = Debug|Any CPU
		{1CB503D1-957A-4C57-88CA-C5049E9B2E96}.Debug|x86.ActiveCfg = Debug|x86
		{1CB503D1-957A-4C57-88CA-C5049E9B2E96}.Debug|x86.Build.0 = Debug|x86
		{1CB503D1-957A-4C57-88CA-C5049E9B2E96}.debug64|Any CPU.ActiveCfg = debug64|Any CPU
		{1CB503D1-957A-4C57-88CA-C5049E9B2E96}.debug64|Any CPU.Build.0 = debug64|Any CPU
		{1CB503D1-957A-4C57-88CA-C5049E9B2E96}.debug64|x64.ActiveCfg = debug64|Any CPU
		{1CB503D1-957A-4C57-88CA-C5049E9B2E96}.debug64|x64.Build.0 = debug64|Any CPU
		{1CB503D1-957A-4C57-88CA-C5049E9B2E96}.debug64|x86.ActiveCfg = debug64|x86
		{1CB503D1-957A-4C57-88CA-C5049E9B2E96}.debug64|x86.Build.0 = debug64|x86
		{1CB503D1-957A-4C57-88CA-C5049E9B2E96}.Release|Any CPU.ActiveCfg = Release|Any CPU
		{1CB503D1-957A-4C57-88CA-C5049E9B2E96}.Release|Any CPU.Build.0 = Release|Any CPU
		{1CB503D1-957A-4C57-88CA-C5049E9B2E96}.Release|x64.ActiveCfg = Release|Any CPU
		{1CB503D1-957A-4C57-88CA-C5049E9B2E96}.Release|x64.Build.0 = Release|Any CPU
		{1CB503D1-957A-4C57-88CA-C5049E9B2E96}.Release|x86.ActiveCfg = Release|x86
		{1CB503D1-957A-4C57-88CA-C5049E9B2E96}.Release|x86.Build.0 = Release|x86
		{1CB503D1-957A-4C57-88CA-C5049E9B2E96}.Release32|Any CPU.ActiveCfg = Release32|Any CPU
		{1CB503D1-957A-4C57-88CA-C5049E9B2E96}.Release32|Any CPU.Build.0 = Release32|Any CPU
		{1CB503D1-957A-4C57-88CA-C5049E9B2E96}.Release32|x64.ActiveCfg = Release32|Any CPU
		{1CB503D1-957A-4C57-88CA-C5049E9B2E96}.Release32|x64.Build.0 = Release32|Any CPU
		{1CB503D1-957A-4C57-88CA-C5049E9B2E96}.Release32|x86.ActiveCfg = Release32|x86
		{1CB503D1-957A-4C57-88CA-C5049E9B2E96}.Release32|x86.Build.0 = Release32|x86
		{960DA4CF-E71C-4F3B-8A71-17D7DAEFCF1A}.Debug|Any CPU.ActiveCfg = Debug|Any CPU
		{960DA4CF-E71C-4F3B-8A71-17D7DAEFCF1A}.Debug|Any CPU.Build.0 = Debug|Any CPU
		{960DA4CF-E71C-4F3B-8A71-17D7DAEFCF1A}.Debug|x64.ActiveCfg = Debug|Any CPU
		{960DA4CF-E71C-4F3B-8A71-17D7DAEFCF1A}.Debug|x64.Build.0 = Debug|Any CPU
		{960DA4CF-E71C-4F3B-8A71-17D7DAEFCF1A}.Debug|x86.ActiveCfg = Debug|Any CPU
		{960DA4CF-E71C-4F3B-8A71-17D7DAEFCF1A}.Debug|x86.Build.0 = Debug|Any CPU
		{960DA4CF-E71C-4F3B-8A71-17D7DAEFCF1A}.debug64|Any CPU.ActiveCfg = Debug|Any CPU
		{960DA4CF-E71C-4F3B-8A71-17D7DAEFCF1A}.debug64|Any CPU.Build.0 = Debug|Any CPU
		{960DA4CF-E71C-4F3B-8A71-17D7DAEFCF1A}.debug64|x64.ActiveCfg = Debug|Any CPU
		{960DA4CF-E71C-4F3B-8A71-17D7DAEFCF1A}.debug64|x64.Build.0 = Debug|Any CPU
		{960DA4CF-E71C-4F3B-8A71-17D7DAEFCF1A}.debug64|x86.ActiveCfg = Debug|Any CPU
		{960DA4CF-E71C-4F3B-8A71-17D7DAEFCF1A}.debug64|x86.Build.0 = Debug|Any CPU
		{960DA4CF-E71C-4F3B-8A71-17D7DAEFCF1A}.Release|Any CPU.ActiveCfg = Release|Any CPU
		{960DA4CF-E71C-4F3B-8A71-17D7DAEFCF1A}.Release|Any CPU.Build.0 = Release|Any CPU
		{960DA4CF-E71C-4F3B-8A71-17D7DAEFCF1A}.Release|x64.ActiveCfg = Release|Any CPU
		{960DA4CF-E71C-4F3B-8A71-17D7DAEFCF1A}.Release|x64.Build.0 = Release|Any CPU
		{960DA4CF-E71C-4F3B-8A71-17D7DAEFCF1A}.Release|x86.ActiveCfg = Release|Any CPU
		{960DA4CF-E71C-4F3B-8A71-17D7DAEFCF1A}.Release|x86.Build.0 = Release|Any CPU
		{960DA4CF-E71C-4F3B-8A71-17D7DAEFCF1A}.Release32|Any CPU.ActiveCfg = Release32|Any CPU
		{960DA4CF-E71C-4F3B-8A71-17D7DAEFCF1A}.Release32|Any CPU.Build.0 = Release32|Any CPU
		{960DA4CF-E71C-4F3B-8A71-17D7DAEFCF1A}.Release32|x64.ActiveCfg = Release32|Any CPU
		{960DA4CF-E71C-4F3B-8A71-17D7DAEFCF1A}.Release32|x64.Build.0 = Release32|Any CPU
		{960DA4CF-E71C-4F3B-8A71-17D7DAEFCF1A}.Release32|x86.ActiveCfg = Release32|Any CPU
		{960DA4CF-E71C-4F3B-8A71-17D7DAEFCF1A}.Release32|x86.Build.0 = Release32|Any CPU
		{F997DFC2-B75C-4871-BEDA-CD4711066019}.Debug|Any CPU.ActiveCfg = Debug|Any CPU
		{F997DFC2-B75C-4871-BEDA-CD4711066019}.Debug|Any CPU.Build.0 = Debug|Any CPU
		{F997DFC2-B75C-4871-BEDA-CD4711066019}.Debug|x64.ActiveCfg = Debug|Any CPU
		{F997DFC2-B75C-4871-BEDA-CD4711066019}.Debug|x64.Build.0 = Debug|Any CPU
		{F997DFC2-B75C-4871-BEDA-CD4711066019}.Debug|x86.ActiveCfg = Debug|Any CPU
		{F997DFC2-B75C-4871-BEDA-CD4711066019}.Debug|x86.Build.0 = Debug|Any CPU
		{F997DFC2-B75C-4871-BEDA-CD4711066019}.debug64|Any CPU.ActiveCfg = Debug|Any CPU
		{F997DFC2-B75C-4871-BEDA-CD4711066019}.debug64|Any CPU.Build.0 = Debug|Any CPU
		{F997DFC2-B75C-4871-BEDA-CD4711066019}.debug64|x64.ActiveCfg = Debug|x64
		{F997DFC2-B75C-4871-BEDA-CD4711066019}.debug64|x64.Build.0 = Debug|x64
		{F997DFC2-B75C-4871-BEDA-CD4711066019}.debug64|x86.ActiveCfg = Debug|Any CPU
		{F997DFC2-B75C-4871-BEDA-CD4711066019}.debug64|x86.Build.0 = Debug|Any CPU
		{F997DFC2-B75C-4871-BEDA-CD4711066019}.Release|Any CPU.ActiveCfg = Release|Any CPU
		{F997DFC2-B75C-4871-BEDA-CD4711066019}.Release|Any CPU.Build.0 = Release|Any CPU
		{F997DFC2-B75C-4871-BEDA-CD4711066019}.Release|x64.ActiveCfg = Release|Any CPU
		{F997DFC2-B75C-4871-BEDA-CD4711066019}.Release|x64.Build.0 = Release|Any CPU
		{F997DFC2-B75C-4871-BEDA-CD4711066019}.Release|x86.ActiveCfg = Release|Any CPU
		{F997DFC2-B75C-4871-BEDA-CD4711066019}.Release|x86.Build.0 = Release|Any CPU
		{F997DFC2-B75C-4871-BEDA-CD4711066019}.Release32|Any CPU.ActiveCfg = Release32|Any CPU
		{F997DFC2-B75C-4871-BEDA-CD4711066019}.Release32|Any CPU.Build.0 = Release32|Any CPU
		{F997DFC2-B75C-4871-BEDA-CD4711066019}.Release32|x64.ActiveCfg = Release32|Any CPU
		{F997DFC2-B75C-4871-BEDA-CD4711066019}.Release32|x64.Build.0 = Release32|Any CPU
		{F997DFC2-B75C-4871-BEDA-CD4711066019}.Release32|x86.ActiveCfg = Release32|x86
		{F997DFC2-B75C-4871-BEDA-CD4711066019}.Release32|x86.Build.0 = Release32|x86
		{B0EA84F1-2759-4F4E-928B-48248A04C8D7}.Debug|Any CPU.ActiveCfg = Debug|Any CPU
		{B0EA84F1-2759-4F4E-928B-48248A04C8D7}.Debug|Any CPU.Build.0 = Debug|Any CPU
		{B0EA84F1-2759-4F4E-928B-48248A04C8D7}.Debug|x64.ActiveCfg = Debug|Any CPU
		{B0EA84F1-2759-4F4E-928B-48248A04C8D7}.Debug|x64.Build.0 = Debug|Any CPU
		{B0EA84F1-2759-4F4E-928B-48248A04C8D7}.Debug|x86.ActiveCfg = Debug|Any CPU
		{B0EA84F1-2759-4F4E-928B-48248A04C8D7}.Debug|x86.Build.0 = Debug|Any CPU
		{B0EA84F1-2759-4F4E-928B-48248A04C8D7}.debug64|Any CPU.ActiveCfg = Debug|Any CPU
		{B0EA84F1-2759-4F4E-928B-48248A04C8D7}.debug64|Any CPU.Build.0 = Debug|Any CPU
		{B0EA84F1-2759-4F4E-928B-48248A04C8D7}.debug64|x64.ActiveCfg = Debug|Any CPU
		{B0EA84F1-2759-4F4E-928B-48248A04C8D7}.debug64|x64.Build.0 = Debug|Any CPU
		{B0EA84F1-2759-4F4E-928B-48248A04C8D7}.debug64|x86.ActiveCfg = Debug|Any CPU
		{B0EA84F1-2759-4F4E-928B-48248A04C8D7}.debug64|x86.Build.0 = Debug|Any CPU
		{B0EA84F1-2759-4F4E-928B-48248A04C8D7}.Release|Any CPU.ActiveCfg = Release|Any CPU
		{B0EA84F1-2759-4F4E-928B-48248A04C8D7}.Release|Any CPU.Build.0 = Release|Any CPU
		{B0EA84F1-2759-4F4E-928B-48248A04C8D7}.Release|x64.ActiveCfg = Release|Any CPU
		{B0EA84F1-2759-4F4E-928B-48248A04C8D7}.Release|x64.Build.0 = Release|Any CPU
		{B0EA84F1-2759-4F4E-928B-48248A04C8D7}.Release|x86.ActiveCfg = Release|Any CPU
		{B0EA84F1-2759-4F4E-928B-48248A04C8D7}.Release|x86.Build.0 = Release|Any CPU
		{B0EA84F1-2759-4F4E-928B-48248A04C8D7}.Release32|Any CPU.ActiveCfg = Release32|Any CPU
		{B0EA84F1-2759-4F4E-928B-48248A04C8D7}.Release32|Any CPU.Build.0 = Release32|Any CPU
		{B0EA84F1-2759-4F4E-928B-48248A04C8D7}.Release32|x64.ActiveCfg = Release32|Any CPU
		{B0EA84F1-2759-4F4E-928B-48248A04C8D7}.Release32|x64.Build.0 = Release32|Any CPU
		{B0EA84F1-2759-4F4E-928B-48248A04C8D7}.Release32|x86.ActiveCfg = Release32|Any CPU
		{B0EA84F1-2759-4F4E-928B-48248A04C8D7}.Release32|x86.Build.0 = Release32|Any CPU
		{506B4496-0FC6-471C-8E7A-20467C120D49}.Debug|Any CPU.ActiveCfg = Debug|Any CPU
		{506B4496-0FC6-471C-8E7A-20467C120D49}.Debug|Any CPU.Build.0 = Debug|Any CPU
		{506B4496-0FC6-471C-8E7A-20467C120D49}.Debug|x64.ActiveCfg = Debug|Any CPU
		{506B4496-0FC6-471C-8E7A-20467C120D49}.Debug|x64.Build.0 = Debug|Any CPU
		{506B4496-0FC6-471C-8E7A-20467C120D49}.Debug|x86.ActiveCfg = Debug|Any CPU
		{506B4496-0FC6-471C-8E7A-20467C120D49}.Debug|x86.Build.0 = Debug|Any CPU
		{506B4496-0FC6-471C-8E7A-20467C120D49}.debug64|Any CPU.ActiveCfg = Debug|Any CPU
		{506B4496-0FC6-471C-8E7A-20467C120D49}.debug64|Any CPU.Build.0 = Debug|Any CPU
		{506B4496-0FC6-471C-8E7A-20467C120D49}.debug64|x64.ActiveCfg = Debug|Any CPU
		{506B4496-0FC6-471C-8E7A-20467C120D49}.debug64|x64.Build.0 = Debug|Any CPU
		{506B4496-0FC6-471C-8E7A-20467C120D49}.debug64|x86.ActiveCfg = Debug|Any CPU
		{506B4496-0FC6-471C-8E7A-20467C120D49}.debug64|x86.Build.0 = Debug|Any CPU
		{506B4496-0FC6-471C-8E7A-20467C120D49}.Release|Any CPU.ActiveCfg = Release|Any CPU
		{506B4496-0FC6-471C-8E7A-20467C120D49}.Release|Any CPU.Build.0 = Release|Any CPU
		{506B4496-0FC6-471C-8E7A-20467C120D49}.Release|x64.ActiveCfg = Release|Any CPU
		{506B4496-0FC6-471C-8E7A-20467C120D49}.Release|x64.Build.0 = Release|Any CPU
		{506B4496-0FC6-471C-8E7A-20467C120D49}.Release|x86.ActiveCfg = Release|Any CPU
		{506B4496-0FC6-471C-8E7A-20467C120D49}.Release|x86.Build.0 = Release|Any CPU
		{506B4496-0FC6-471C-8E7A-20467C120D49}.Release32|Any CPU.ActiveCfg = Release|Any CPU
		{506B4496-0FC6-471C-8E7A-20467C120D49}.Release32|Any CPU.Build.0 = Release|Any CPU
		{506B4496-0FC6-471C-8E7A-20467C120D49}.Release32|x64.ActiveCfg = Release|Any CPU
		{506B4496-0FC6-471C-8E7A-20467C120D49}.Release32|x64.Build.0 = Release|Any CPU
		{506B4496-0FC6-471C-8E7A-20467C120D49}.Release32|x86.ActiveCfg = Release|Any CPU
		{506B4496-0FC6-471C-8E7A-20467C120D49}.Release32|x86.Build.0 = Release|Any CPU
		{DD0B1621-4E5E-45F5-B57B-D339ABB78704}.Debug|Any CPU.ActiveCfg = Debug|Any CPU
		{DD0B1621-4E5E-45F5-B57B-D339ABB78704}.Debug|Any CPU.Build.0 = Debug|Any CPU
		{DD0B1621-4E5E-45F5-B57B-D339ABB78704}.Debug|x64.ActiveCfg = Debug|Any CPU
		{DD0B1621-4E5E-45F5-B57B-D339ABB78704}.Debug|x64.Build.0 = Debug|Any CPU
		{DD0B1621-4E5E-45F5-B57B-D339ABB78704}.Debug|x86.ActiveCfg = Debug|Any CPU
		{DD0B1621-4E5E-45F5-B57B-D339ABB78704}.Debug|x86.Build.0 = Debug|Any CPU
		{DD0B1621-4E5E-45F5-B57B-D339ABB78704}.debug64|Any CPU.ActiveCfg = Debug|Any CPU
		{DD0B1621-4E5E-45F5-B57B-D339ABB78704}.debug64|Any CPU.Build.0 = Debug|Any CPU
		{DD0B1621-4E5E-45F5-B57B-D339ABB78704}.debug64|x64.ActiveCfg = Debug|Any CPU
		{DD0B1621-4E5E-45F5-B57B-D339ABB78704}.debug64|x64.Build.0 = Debug|Any CPU
		{DD0B1621-4E5E-45F5-B57B-D339ABB78704}.debug64|x86.ActiveCfg = Debug|Any CPU
		{DD0B1621-4E5E-45F5-B57B-D339ABB78704}.debug64|x86.Build.0 = Debug|Any CPU
		{DD0B1621-4E5E-45F5-B57B-D339ABB78704}.Release|Any CPU.ActiveCfg = Release|Any CPU
		{DD0B1621-4E5E-45F5-B57B-D339ABB78704}.Release|Any CPU.Build.0 = Release|Any CPU
		{DD0B1621-4E5E-45F5-B57B-D339ABB78704}.Release|x64.ActiveCfg = Release|Any CPU
		{DD0B1621-4E5E-45F5-B57B-D339ABB78704}.Release|x64.Build.0 = Release|Any CPU
		{DD0B1621-4E5E-45F5-B57B-D339ABB78704}.Release|x86.ActiveCfg = Release|Any CPU
		{DD0B1621-4E5E-45F5-B57B-D339ABB78704}.Release|x86.Build.0 = Release|Any CPU
		{DD0B1621-4E5E-45F5-B57B-D339ABB78704}.Release32|Any CPU.ActiveCfg = Release|Any CPU
		{DD0B1621-4E5E-45F5-B57B-D339ABB78704}.Release32|Any CPU.Build.0 = Release|Any CPU
		{DD0B1621-4E5E-45F5-B57B-D339ABB78704}.Release32|x64.ActiveCfg = Release|Any CPU
		{DD0B1621-4E5E-45F5-B57B-D339ABB78704}.Release32|x64.Build.0 = Release|Any CPU
		{DD0B1621-4E5E-45F5-B57B-D339ABB78704}.Release32|x86.ActiveCfg = Release|Any CPU
		{DD0B1621-4E5E-45F5-B57B-D339ABB78704}.Release32|x86.Build.0 = Release|Any CPU
		{C73D2A96-80E6-41AB-BA09-1DDEC443C386}.Debug|Any CPU.ActiveCfg = Debug|Any CPU
		{C73D2A96-80E6-41AB-BA09-1DDEC443C386}.Debug|Any CPU.Build.0 = Debug|Any CPU
		{C73D2A96-80E6-41AB-BA09-1DDEC443C386}.Debug|x64.ActiveCfg = Debug|Any CPU
		{C73D2A96-80E6-41AB-BA09-1DDEC443C386}.Debug|x64.Build.0 = Debug|Any CPU
		{C73D2A96-80E6-41AB-BA09-1DDEC443C386}.Debug|x86.ActiveCfg = Debug|Any CPU
		{C73D2A96-80E6-41AB-BA09-1DDEC443C386}.Debug|x86.Build.0 = Debug|Any CPU
		{C73D2A96-80E6-41AB-BA09-1DDEC443C386}.debug64|Any CPU.ActiveCfg = Debug|Any CPU
		{C73D2A96-80E6-41AB-BA09-1DDEC443C386}.debug64|Any CPU.Build.0 = Debug|Any CPU
		{C73D2A96-80E6-41AB-BA09-1DDEC443C386}.debug64|x64.ActiveCfg = Debug|Any CPU
		{C73D2A96-80E6-41AB-BA09-1DDEC443C386}.debug64|x64.Build.0 = Debug|Any CPU
		{C73D2A96-80E6-41AB-BA09-1DDEC443C386}.debug64|x86.ActiveCfg = Debug|Any CPU
		{C73D2A96-80E6-41AB-BA09-1DDEC443C386}.debug64|x86.Build.0 = Debug|Any CPU
		{C73D2A96-80E6-41AB-BA09-1DDEC443C386}.Release|Any CPU.ActiveCfg = Release|Any CPU
		{C73D2A96-80E6-41AB-BA09-1DDEC443C386}.Release|Any CPU.Build.0 = Release|Any CPU
		{C73D2A96-80E6-41AB-BA09-1DDEC443C386}.Release|x64.ActiveCfg = Release|Any CPU
		{C73D2A96-80E6-41AB-BA09-1DDEC443C386}.Release|x64.Build.0 = Release|Any CPU
		{C73D2A96-80E6-41AB-BA09-1DDEC443C386}.Release|x86.ActiveCfg = Release|Any CPU
		{C73D2A96-80E6-41AB-BA09-1DDEC443C386}.Release|x86.Build.0 = Release|Any CPU
		{C73D2A96-80E6-41AB-BA09-1DDEC443C386}.Release32|Any CPU.ActiveCfg = Release|Any CPU
		{C73D2A96-80E6-41AB-BA09-1DDEC443C386}.Release32|Any CPU.Build.0 = Release|Any CPU
		{C73D2A96-80E6-41AB-BA09-1DDEC443C386}.Release32|x64.ActiveCfg = Release|Any CPU
		{C73D2A96-80E6-41AB-BA09-1DDEC443C386}.Release32|x64.Build.0 = Release|Any CPU
		{C73D2A96-80E6-41AB-BA09-1DDEC443C386}.Release32|x86.ActiveCfg = Release|Any CPU
		{C73D2A96-80E6-41AB-BA09-1DDEC443C386}.Release32|x86.Build.0 = Release|Any CPU
		{34B06FC4-6CC5-48F5-A2B2-9ABA003B8AA6}.Debug|Any CPU.ActiveCfg = Debug|Any CPU
		{34B06FC4-6CC5-48F5-A2B2-9ABA003B8AA6}.Debug|Any CPU.Build.0 = Debug|Any CPU
		{34B06FC4-6CC5-48F5-A2B2-9ABA003B8AA6}.Debug|x64.ActiveCfg = Debug|Any CPU
		{34B06FC4-6CC5-48F5-A2B2-9ABA003B8AA6}.Debug|x64.Build.0 = Debug|Any CPU
		{34B06FC4-6CC5-48F5-A2B2-9ABA003B8AA6}.Debug|x86.ActiveCfg = Debug|Any CPU
		{34B06FC4-6CC5-48F5-A2B2-9ABA003B8AA6}.Debug|x86.Build.0 = Debug|Any CPU
		{34B06FC4-6CC5-48F5-A2B2-9ABA003B8AA6}.debug64|Any CPU.ActiveCfg = Debug|Any CPU
		{34B06FC4-6CC5-48F5-A2B2-9ABA003B8AA6}.debug64|Any CPU.Build.0 = Debug|Any CPU
		{34B06FC4-6CC5-48F5-A2B2-9ABA003B8AA6}.debug64|x64.ActiveCfg = Debug|Any CPU
		{34B06FC4-6CC5-48F5-A2B2-9ABA003B8AA6}.debug64|x64.Build.0 = Debug|Any CPU
		{34B06FC4-6CC5-48F5-A2B2-9ABA003B8AA6}.debug64|x86.ActiveCfg = Debug|Any CPU
		{34B06FC4-6CC5-48F5-A2B2-9ABA003B8AA6}.debug64|x86.Build.0 = Debug|Any CPU
		{34B06FC4-6CC5-48F5-A2B2-9ABA003B8AA6}.Release|Any CPU.ActiveCfg = Release|Any CPU
		{34B06FC4-6CC5-48F5-A2B2-9ABA003B8AA6}.Release|Any CPU.Build.0 = Release|Any CPU
		{34B06FC4-6CC5-48F5-A2B2-9ABA003B8AA6}.Release|x64.ActiveCfg = Release|Any CPU
		{34B06FC4-6CC5-48F5-A2B2-9ABA003B8AA6}.Release|x64.Build.0 = Release|Any CPU
		{34B06FC4-6CC5-48F5-A2B2-9ABA003B8AA6}.Release|x86.ActiveCfg = Release|Any CPU
		{34B06FC4-6CC5-48F5-A2B2-9ABA003B8AA6}.Release|x86.Build.0 = Release|Any CPU
		{34B06FC4-6CC5-48F5-A2B2-9ABA003B8AA6}.Release32|Any CPU.ActiveCfg = Release|Any CPU
		{34B06FC4-6CC5-48F5-A2B2-9ABA003B8AA6}.Release32|Any CPU.Build.0 = Release|Any CPU
		{34B06FC4-6CC5-48F5-A2B2-9ABA003B8AA6}.Release32|x64.ActiveCfg = Release|Any CPU
		{34B06FC4-6CC5-48F5-A2B2-9ABA003B8AA6}.Release32|x64.Build.0 = Release|Any CPU
		{34B06FC4-6CC5-48F5-A2B2-9ABA003B8AA6}.Release32|x86.ActiveCfg = Release|Any CPU
		{34B06FC4-6CC5-48F5-A2B2-9ABA003B8AA6}.Release32|x86.Build.0 = Release|Any CPU
		{684D820E-147F-4882-95AC-18AE619F2F47}.Debug|Any CPU.ActiveCfg = Debug|Any CPU
		{684D820E-147F-4882-95AC-18AE619F2F47}.Debug|Any CPU.Build.0 = Debug|Any CPU
		{684D820E-147F-4882-95AC-18AE619F2F47}.Debug|x64.ActiveCfg = Debug|Any CPU
		{684D820E-147F-4882-95AC-18AE619F2F47}.Debug|x64.Build.0 = Debug|Any CPU
		{684D820E-147F-4882-95AC-18AE619F2F47}.Debug|x86.ActiveCfg = Debug|Any CPU
		{684D820E-147F-4882-95AC-18AE619F2F47}.Debug|x86.Build.0 = Debug|Any CPU
		{684D820E-147F-4882-95AC-18AE619F2F47}.debug64|Any CPU.ActiveCfg = Debug|Any CPU
		{684D820E-147F-4882-95AC-18AE619F2F47}.debug64|Any CPU.Build.0 = Debug|Any CPU
		{684D820E-147F-4882-95AC-18AE619F2F47}.debug64|x64.ActiveCfg = Debug|Any CPU
		{684D820E-147F-4882-95AC-18AE619F2F47}.debug64|x64.Build.0 = Debug|Any CPU
		{684D820E-147F-4882-95AC-18AE619F2F47}.debug64|x86.ActiveCfg = Debug|Any CPU
		{684D820E-147F-4882-95AC-18AE619F2F47}.debug64|x86.Build.0 = Debug|Any CPU
		{684D820E-147F-4882-95AC-18AE619F2F47}.Release|Any CPU.ActiveCfg = Release|Any CPU
		{684D820E-147F-4882-95AC-18AE619F2F47}.Release|Any CPU.Build.0 = Release|Any CPU
		{684D820E-147F-4882-95AC-18AE619F2F47}.Release|x64.ActiveCfg = Release|Any CPU
		{684D820E-147F-4882-95AC-18AE619F2F47}.Release|x64.Build.0 = Release|Any CPU
		{684D820E-147F-4882-95AC-18AE619F2F47}.Release|x86.ActiveCfg = Release|Any CPU
		{684D820E-147F-4882-95AC-18AE619F2F47}.Release|x86.Build.0 = Release|Any CPU
		{684D820E-147F-4882-95AC-18AE619F2F47}.Release32|Any CPU.ActiveCfg = Release|Any CPU
		{684D820E-147F-4882-95AC-18AE619F2F47}.Release32|Any CPU.Build.0 = Release|Any CPU
		{684D820E-147F-4882-95AC-18AE619F2F47}.Release32|x64.ActiveCfg = Release|Any CPU
		{684D820E-147F-4882-95AC-18AE619F2F47}.Release32|x64.Build.0 = Release|Any CPU
		{684D820E-147F-4882-95AC-18AE619F2F47}.Release32|x86.ActiveCfg = Release|Any CPU
		{684D820E-147F-4882-95AC-18AE619F2F47}.Release32|x86.Build.0 = Release|Any CPU
		{1DC73A3F-0F0D-4A7A-946F-EEAFFF02BCE0}.Debug|Any CPU.ActiveCfg = Debug|Any CPU
		{1DC73A3F-0F0D-4A7A-946F-EEAFFF02BCE0}.Debug|Any CPU.Build.0 = Debug|Any CPU
		{1DC73A3F-0F0D-4A7A-946F-EEAFFF02BCE0}.Debug|x64.ActiveCfg = Debug|Any CPU
		{1DC73A3F-0F0D-4A7A-946F-EEAFFF02BCE0}.Debug|x64.Build.0 = Debug|Any CPU
		{1DC73A3F-0F0D-4A7A-946F-EEAFFF02BCE0}.Debug|x86.ActiveCfg = Debug|Any CPU
		{1DC73A3F-0F0D-4A7A-946F-EEAFFF02BCE0}.Debug|x86.Build.0 = Debug|Any CPU
		{1DC73A3F-0F0D-4A7A-946F-EEAFFF02BCE0}.debug64|Any CPU.ActiveCfg = Debug|Any CPU
		{1DC73A3F-0F0D-4A7A-946F-EEAFFF02BCE0}.debug64|Any CPU.Build.0 = Debug|Any CPU
		{1DC73A3F-0F0D-4A7A-946F-EEAFFF02BCE0}.debug64|x64.ActiveCfg = Debug|Any CPU
		{1DC73A3F-0F0D-4A7A-946F-EEAFFF02BCE0}.debug64|x64.Build.0 = Debug|Any CPU
		{1DC73A3F-0F0D-4A7A-946F-EEAFFF02BCE0}.debug64|x86.ActiveCfg = Debug|Any CPU
		{1DC73A3F-0F0D-4A7A-946F-EEAFFF02BCE0}.debug64|x86.Build.0 = Debug|Any CPU
		{1DC73A3F-0F0D-4A7A-946F-EEAFFF02BCE0}.Release|Any CPU.ActiveCfg = Release|Any CPU
		{1DC73A3F-0F0D-4A7A-946F-EEAFFF02BCE0}.Release|Any CPU.Build.0 = Release|Any CPU
		{1DC73A3F-0F0D-4A7A-946F-EEAFFF02BCE0}.Release|x64.ActiveCfg = Release|Any CPU
		{1DC73A3F-0F0D-4A7A-946F-EEAFFF02BCE0}.Release|x64.Build.0 = Release|Any CPU
		{1DC73A3F-0F0D-4A7A-946F-EEAFFF02BCE0}.Release|x86.ActiveCfg = Release|Any CPU
		{1DC73A3F-0F0D-4A7A-946F-EEAFFF02BCE0}.Release|x86.Build.0 = Release|Any CPU
		{1DC73A3F-0F0D-4A7A-946F-EEAFFF02BCE0}.Release32|Any CPU.ActiveCfg = Release|Any CPU
		{1DC73A3F-0F0D-4A7A-946F-EEAFFF02BCE0}.Release32|Any CPU.Build.0 = Release|Any CPU
		{1DC73A3F-0F0D-4A7A-946F-EEAFFF02BCE0}.Release32|x64.ActiveCfg = Release|Any CPU
		{1DC73A3F-0F0D-4A7A-946F-EEAFFF02BCE0}.Release32|x64.Build.0 = Release|Any CPU
		{1DC73A3F-0F0D-4A7A-946F-EEAFFF02BCE0}.Release32|x86.ActiveCfg = Release|Any CPU
		{1DC73A3F-0F0D-4A7A-946F-EEAFFF02BCE0}.Release32|x86.Build.0 = Release|Any CPU
		{463B05F6-D7EA-4852-AFAF-18D97AE3FB28}.Debug|Any CPU.ActiveCfg = Debug|Any CPU
		{463B05F6-D7EA-4852-AFAF-18D97AE3FB28}.Debug|Any CPU.Build.0 = Debug|Any CPU
		{463B05F6-D7EA-4852-AFAF-18D97AE3FB28}.Debug|x64.ActiveCfg = Debug|Any CPU
		{463B05F6-D7EA-4852-AFAF-18D97AE3FB28}.Debug|x64.Build.0 = Debug|Any CPU
		{463B05F6-D7EA-4852-AFAF-18D97AE3FB28}.Debug|x86.ActiveCfg = Debug|Any CPU
		{463B05F6-D7EA-4852-AFAF-18D97AE3FB28}.Debug|x86.Build.0 = Debug|Any CPU
		{463B05F6-D7EA-4852-AFAF-18D97AE3FB28}.debug64|Any CPU.ActiveCfg = Debug|Any CPU
		{463B05F6-D7EA-4852-AFAF-18D97AE3FB28}.debug64|Any CPU.Build.0 = Debug|Any CPU
		{463B05F6-D7EA-4852-AFAF-18D97AE3FB28}.debug64|x64.ActiveCfg = Debug|Any CPU
		{463B05F6-D7EA-4852-AFAF-18D97AE3FB28}.debug64|x64.Build.0 = Debug|Any CPU
		{463B05F6-D7EA-4852-AFAF-18D97AE3FB28}.debug64|x86.ActiveCfg = Debug|Any CPU
		{463B05F6-D7EA-4852-AFAF-18D97AE3FB28}.debug64|x86.Build.0 = Debug|Any CPU
		{463B05F6-D7EA-4852-AFAF-18D97AE3FB28}.Release|Any CPU.ActiveCfg = Release|Any CPU
		{463B05F6-D7EA-4852-AFAF-18D97AE3FB28}.Release|Any CPU.Build.0 = Release|Any CPU
		{463B05F6-D7EA-4852-AFAF-18D97AE3FB28}.Release|x64.ActiveCfg = Release|Any CPU
		{463B05F6-D7EA-4852-AFAF-18D97AE3FB28}.Release|x64.Build.0 = Release|Any CPU
		{463B05F6-D7EA-4852-AFAF-18D97AE3FB28}.Release|x86.ActiveCfg = Release|Any CPU
		{463B05F6-D7EA-4852-AFAF-18D97AE3FB28}.Release|x86.Build.0 = Release|Any CPU
		{463B05F6-D7EA-4852-AFAF-18D97AE3FB28}.Release32|Any CPU.ActiveCfg = Release|Any CPU
		{463B05F6-D7EA-4852-AFAF-18D97AE3FB28}.Release32|Any CPU.Build.0 = Release|Any CPU
		{463B05F6-D7EA-4852-AFAF-18D97AE3FB28}.Release32|x64.ActiveCfg = Release|Any CPU
		{463B05F6-D7EA-4852-AFAF-18D97AE3FB28}.Release32|x64.Build.0 = Release|Any CPU
		{463B05F6-D7EA-4852-AFAF-18D97AE3FB28}.Release32|x86.ActiveCfg = Release|Any CPU
		{463B05F6-D7EA-4852-AFAF-18D97AE3FB28}.Release32|x86.Build.0 = Release|Any CPU
		{CF148033-AF78-4108-9E11-6B63D68AD49F}.Debug|Any CPU.ActiveCfg = Debug|Win32
		{CF148033-AF78-4108-9E11-6B63D68AD49F}.Debug|x64.ActiveCfg = Debug|x64
		{CF148033-AF78-4108-9E11-6B63D68AD49F}.Debug|x64.Build.0 = Debug|x64
		{CF148033-AF78-4108-9E11-6B63D68AD49F}.Debug|x86.ActiveCfg = Debug|Win32
		{CF148033-AF78-4108-9E11-6B63D68AD49F}.Debug|x86.Build.0 = Debug|Win32
		{CF148033-AF78-4108-9E11-6B63D68AD49F}.debug64|Any CPU.ActiveCfg = Release|x64
		{CF148033-AF78-4108-9E11-6B63D68AD49F}.debug64|Any CPU.Build.0 = Release|x64
		{CF148033-AF78-4108-9E11-6B63D68AD49F}.debug64|x64.ActiveCfg = Debug|x64
		{CF148033-AF78-4108-9E11-6B63D68AD49F}.debug64|x64.Build.0 = Debug|x64
		{CF148033-AF78-4108-9E11-6B63D68AD49F}.debug64|x86.ActiveCfg = Debug|Win32
		{CF148033-AF78-4108-9E11-6B63D68AD49F}.debug64|x86.Build.0 = Debug|Win32
		{CF148033-AF78-4108-9E11-6B63D68AD49F}.Release|Any CPU.ActiveCfg = Release|Win32
		{CF148033-AF78-4108-9E11-6B63D68AD49F}.Release|x64.ActiveCfg = Release|x64
		{CF148033-AF78-4108-9E11-6B63D68AD49F}.Release|x64.Build.0 = Release|x64
		{CF148033-AF78-4108-9E11-6B63D68AD49F}.Release|x86.ActiveCfg = Release|Win32
		{CF148033-AF78-4108-9E11-6B63D68AD49F}.Release|x86.Build.0 = Release|Win32
		{CF148033-AF78-4108-9E11-6B63D68AD49F}.Release32|Any CPU.ActiveCfg = Release|x64
		{CF148033-AF78-4108-9E11-6B63D68AD49F}.Release32|Any CPU.Build.0 = Release|x64
		{CF148033-AF78-4108-9E11-6B63D68AD49F}.Release32|x64.ActiveCfg = Release|x64
		{CF148033-AF78-4108-9E11-6B63D68AD49F}.Release32|x64.Build.0 = Release|x64
		{CF148033-AF78-4108-9E11-6B63D68AD49F}.Release32|x86.ActiveCfg = Release|Win32
		{CF148033-AF78-4108-9E11-6B63D68AD49F}.Release32|x86.Build.0 = Release|Win32
		{19CC0C77-1493-4A6B-98EF-45A758C1A321}.Debug|Any CPU.ActiveCfg = Debug|Any CPU
		{19CC0C77-1493-4A6B-98EF-45A758C1A321}.Debug|Any CPU.Build.0 = Debug|Any CPU
		{19CC0C77-1493-4A6B-98EF-45A758C1A321}.Debug|x64.ActiveCfg = Debug|Any CPU
		{19CC0C77-1493-4A6B-98EF-45A758C1A321}.Debug|x64.Build.0 = Debug|Any CPU
		{19CC0C77-1493-4A6B-98EF-45A758C1A321}.Debug|x86.ActiveCfg = Debug|Any CPU
		{19CC0C77-1493-4A6B-98EF-45A758C1A321}.Debug|x86.Build.0 = Debug|Any CPU
		{19CC0C77-1493-4A6B-98EF-45A758C1A321}.debug64|Any CPU.ActiveCfg = Debug|Any CPU
		{19CC0C77-1493-4A6B-98EF-45A758C1A321}.debug64|Any CPU.Build.0 = Debug|Any CPU
		{19CC0C77-1493-4A6B-98EF-45A758C1A321}.debug64|x64.ActiveCfg = Debug|Any CPU
		{19CC0C77-1493-4A6B-98EF-45A758C1A321}.debug64|x64.Build.0 = Debug|Any CPU
		{19CC0C77-1493-4A6B-98EF-45A758C1A321}.debug64|x86.ActiveCfg = Debug|Any CPU
		{19CC0C77-1493-4A6B-98EF-45A758C1A321}.debug64|x86.Build.0 = Debug|Any CPU
		{19CC0C77-1493-4A6B-98EF-45A758C1A321}.Release|Any CPU.ActiveCfg = Debug|Any CPU
		{19CC0C77-1493-4A6B-98EF-45A758C1A321}.Release|Any CPU.Build.0 = Debug|Any CPU
		{19CC0C77-1493-4A6B-98EF-45A758C1A321}.Release|x64.ActiveCfg = Debug|Any CPU
		{19CC0C77-1493-4A6B-98EF-45A758C1A321}.Release|x64.Build.0 = Debug|Any CPU
		{19CC0C77-1493-4A6B-98EF-45A758C1A321}.Release|x86.ActiveCfg = Debug|Any CPU
		{19CC0C77-1493-4A6B-98EF-45A758C1A321}.Release|x86.Build.0 = Debug|Any CPU
		{19CC0C77-1493-4A6B-98EF-45A758C1A321}.Release32|Any CPU.ActiveCfg = Debug|Any CPU
		{19CC0C77-1493-4A6B-98EF-45A758C1A321}.Release32|Any CPU.Build.0 = Debug|Any CPU
		{19CC0C77-1493-4A6B-98EF-45A758C1A321}.Release32|x64.ActiveCfg = Debug|Any CPU
		{19CC0C77-1493-4A6B-98EF-45A758C1A321}.Release32|x64.Build.0 = Debug|Any CPU
		{19CC0C77-1493-4A6B-98EF-45A758C1A321}.Release32|x86.ActiveCfg = Debug|Any CPU
		{19CC0C77-1493-4A6B-98EF-45A758C1A321}.Release32|x86.Build.0 = Debug|Any CPU
	EndGlobalSection
	GlobalSection(SolutionProperties) = preSolution
		HideSolutionNode = FALSE
	EndGlobalSection
	GlobalSection(ExtensibilityGlobals) = postSolution
		SolutionGuid = {D03DFF06-1E35-407F-ACEE-48D68672A2F0}
	EndGlobalSection
	GlobalSection(Performance) = preSolution
		HasPerformanceSessions = true
	EndGlobalSection
EndGlobal
